
Microsoft Visual Studio Solution File, Format Version 12.00
# Visual Studio Version 16
VisualStudioVersion = 16.0.30523.141
MinimumVisualStudioVersion = 10.0.40219.1
Project("{FAE04EC0-301F-11D3-BF4B-00C04F79EFBC}") = "test3.9", "test3.9\test3.9.csproj", "{AF103189-0239-41BF-93CD-0327C807B68C}"
EndProject
Global
	GlobalSection(SolutionConfigurationPlatforms) = preSolution
		Debug|Any CPU = Debug|Any CPU
		Release|Any CPU = Release|Any CPU
	EndGlobalSection
	GlobalSection(ProjectConfigurationPlatforms) = postSolution
		{AF103189-0239-41BF-93CD-0327C807B68C}.Debug|Any CPU.ActiveCfg = Debug|Any CPU
		{AF103189-0239-41BF-93CD-0327C807B68C}.Debug|Any CPU.Build.0 = Debug|Any CPU
		{AF103189-0239-41BF-93CD-0327C807B68C}.Release|Any CPU.ActiveCfg = Release|Any CPU
		{AF103189-0239-41BF-93CD-0327C807B68C}.Release|Any CPU.Build.0 = Release|Any CPU
	EndGlobalSection
	GlobalSection(SolutionProperties) = preSolution
		HideSolutionNode = FALSE
	EndGlobalSection
	GlobalSection(ExtensibilityGlobals) = postSolution
		SolutionGuid = {131CFBCD-2F71-45DE-BC4C-C10DE6D66424}
	EndGlobalSection
EndGlobal
